// !$*UTF8*$!
{
	archiveVersion = 1;
	classes = {
	};
	objectVersion = 55;
	objects = {

/* Begin PBXBuildFile section */
		5C97A7F0278BF8AF0004D040 /* TaskTableViewCell.swift in Sources */ = {isa = PBXBuildFile; fileRef = 5C97A7EF278BF8AF0004D040 /* TaskTableViewCell.swift */; };
		5C9DF189279A7BAF006F214B /* CreateTaskViewController.swift in Sources */ = {isa = PBXBuildFile; fileRef = 5C9DF188279A7BAF006F214B /* CreateTaskViewController.swift */; };
		5C9DF18B279A7F31006F214B /* TaskDescriptionTableViewCell.swift in Sources */ = {isa = PBXBuildFile; fileRef = 5C9DF18A279A7F31006F214B /* TaskDescriptionTableViewCell.swift */; };
		5C9DF18D279A7F67006F214B /* DateTimeTableViewCell.swift in Sources */ = {isa = PBXBuildFile; fileRef = 5C9DF18C279A7F67006F214B /* DateTimeTableViewCell.swift */; };
		5CB07F942783EEA90004E7CB /* AppDelegate.swift in Sources */ = {isa = PBXBuildFile; fileRef = 5CB07F932783EEA90004E7CB /* AppDelegate.swift */; };
		5CB07F962783EEA90004E7CB /* SceneDelegate.swift in Sources */ = {isa = PBXBuildFile; fileRef = 5CB07F952783EEA90004E7CB /* SceneDelegate.swift */; };
		5CB07F9B2783EEA90004E7CB /* Main.storyboard in Resources */ = {isa = PBXBuildFile; fileRef = 5CB07F992783EEA90004E7CB /* Main.storyboard */; };
		5CB07F9E2783EEA90004E7CB /* InnovationTasks.xcdatamodeld in Sources */ = {isa = PBXBuildFile; fileRef = 5CB07F9C2783EEA90004E7CB /* InnovationTasks.xcdatamodeld */; };
		5CB07FA02783EEAB0004E7CB /* Assets.xcassets in Resources */ = {isa = PBXBuildFile; fileRef = 5CB07F9F2783EEAB0004E7CB /* Assets.xcassets */; };
		5CB07FA32783EEAB0004E7CB /* LaunchScreen.storyboard in Resources */ = {isa = PBXBuildFile; fileRef = 5CB07FA12783EEAB0004E7CB /* LaunchScreen.storyboard */; };
		5CB07FAC2783FA2C0004E7CB /* TasksTableViewController.swift in Sources */ = {isa = PBXBuildFile; fileRef = 5CB07FAB2783FA2C0004E7CB /* TasksTableViewController.swift */; };
		5CC52114278953EE00BCE7EA /* Task.swift in Sources */ = {isa = PBXBuildFile; fileRef = 5CC52113278953EE00BCE7EA /* Task.swift */; };
		5CC521162789560100BCE7EA /* Category.swift in Sources */ = {isa = PBXBuildFile; fileRef = 5CC521152789560100BCE7EA /* Category.swift */; };
/* End PBXBuildFile section */

/* Begin PBXFileReference section */
		5C97A7EF278BF8AF0004D040 /* TaskTableViewCell.swift */ = {isa = PBXFileReference; lastKnownFileType = sourcecode.swift; path = TaskTableViewCell.swift; sourceTree = "<group>"; };
		5C9DF188279A7BAF006F214B /* CreateTaskViewController.swift */ = {isa = PBXFileReference; lastKnownFileType = sourcecode.swift; path = CreateTaskViewController.swift; sourceTree = "<group>"; };
		5C9DF18A279A7F31006F214B /* TaskDescriptionTableViewCell.swift */ = {isa = PBXFileReference; lastKnownFileType = sourcecode.swift; path = TaskDescriptionTableViewCell.swift; sourceTree = "<group>"; };
		5C9DF18C279A7F67006F214B /* DateTimeTableViewCell.swift */ = {isa = PBXFileReference; lastKnownFileType = sourcecode.swift; path = DateTimeTableViewCell.swift; sourceTree = "<group>"; };
		5CB07F902783EEA90004E7CB /* InnovationTasks.app */ = {isa = PBXFileReference; explicitFileType = wrapper.application; includeInIndex = 0; path = InnovationTasks.app; sourceTree = BUILT_PRODUCTS_DIR; };
		5CB07F932783EEA90004E7CB /* AppDelegate.swift */ = {isa = PBXFileReference; lastKnownFileType = sourcecode.swift; path = AppDelegate.swift; sourceTree = "<group>"; };
		5CB07F952783EEA90004E7CB /* SceneDelegate.swift */ = {isa = PBXFileReference; lastKnownFileType = sourcecode.swift; path = SceneDelegate.swift; sourceTree = "<group>"; };
		5CB07F9A2783EEA90004E7CB /* Base */ = {isa = PBXFileReference; lastKnownFileType = file.storyboard; name = Base; path = Base.lproj/Main.storyboard; sourceTree = "<group>"; };
		5CB07F9D2783EEA90004E7CB /* InnovationTasks.xcdatamodel */ = {isa = PBXFileReference; lastKnownFileType = wrapper.xcdatamodel; path = InnovationTasks.xcdatamodel; sourceTree = "<group>"; };
		5CB07F9F2783EEAB0004E7CB /* Assets.xcassets */ = {isa = PBXFileReference; lastKnownFileType = folder.assetcatalog; path = Assets.xcassets; sourceTree = "<group>"; };
		5CB07FA22783EEAB0004E7CB /* Base */ = {isa = PBXFileReference; lastKnownFileType = file.storyboard; name = Base; path = Base.lproj/LaunchScreen.storyboard; sourceTree = "<group>"; };
		5CB07FA42783EEAB0004E7CB /* Info.plist */ = {isa = PBXFileReference; lastKnownFileType = text.plist.xml; path = Info.plist; sourceTree = "<group>"; };
		5CB07FAB2783FA2C0004E7CB /* TasksTableViewController.swift */ = {isa = PBXFileReference; lastKnownFileType = sourcecode.swift; path = TasksTableViewController.swift; sourceTree = "<group>"; };
		5CC52113278953EE00BCE7EA /* Task.swift */ = {isa = PBXFileReference; lastKnownFileType = sourcecode.swift; path = Task.swift; sourceTree = "<group>"; };
		5CC521152789560100BCE7EA /* Category.swift */ = {isa = PBXFileReference; lastKnownFileType = sourcecode.swift; path = Category.swift; sourceTree = "<group>"; };
/* End PBXFileReference section */

/* Begin PBXFrameworksBuildPhase section */
		5CB07F8D2783EEA90004E7CB /* Frameworks */ = {
			isa = PBXFrameworksBuildPhase;
			buildActionMask = 2147483647;
			files = (
			);
			runOnlyForDeploymentPostprocessing = 0;
		};
/* End PBXFrameworksBuildPhase section */

/* Begin PBXGroup section */
		5C97A7EE278BF85C0004D040 /* cells */ = {
			isa = PBXGroup;
			children = (
				5C97A7EF278BF8AF0004D040 /* TaskTableViewCell.swift */,
				5C9DF18A279A7F31006F214B /* TaskDescriptionTableViewCell.swift */,
				5C9DF18C279A7F67006F214B /* DateTimeTableViewCell.swift */,
			);
			path = cells;
			sourceTree = "<group>";
		};
		5CB07F872783EEA90004E7CB = {
			isa = PBXGroup;
			children = (
				5CB07F922783EEA90004E7CB /* InnovationTasks */,
				5CB07F912783EEA90004E7CB /* Products */,
			);
			sourceTree = "<group>";
		};
		5CB07F912783EEA90004E7CB /* Products */ = {
			isa = PBXGroup;
			children = (
				5CB07F902783EEA90004E7CB /* InnovationTasks.app */,
			);
			name = Products;
			sourceTree = "<group>";
		};
		5CB07F922783EEA90004E7CB /* InnovationTasks */ = {
			isa = PBXGroup;
			children = (
				5CC521122789534000BCE7EA /* Models */,
				5CB07FAA2783F9C00004E7CB /* Controllers */,
				5CB07F932783EEA90004E7CB /* AppDelegate.swift */,
				5CB07F952783EEA90004E7CB /* SceneDelegate.swift */,
				5CB07F992783EEA90004E7CB /* Main.storyboard */,
				5CB07F9F2783EEAB0004E7CB /* Assets.xcassets */,
				5CB07FA12783EEAB0004E7CB /* LaunchScreen.storyboard */,
				5CB07FA42783EEAB0004E7CB /* Info.plist */,
				5CB07F9C2783EEA90004E7CB /* InnovationTasks.xcdatamodeld */,
			);
			path = InnovationTasks;
			sourceTree = "<group>";
		};
		5CB07FAA2783F9C00004E7CB /* Controllers */ = {
			isa = PBXGroup;
			children = (
				5C97A7EE278BF85C0004D040 /* cells */,
				5CB07FAB2783FA2C0004E7CB /* TasksTableViewController.swift */,
				5C9DF188279A7BAF006F214B /* CreateTaskViewController.swift */,
			);
			path = Controllers;
			sourceTree = "<group>";
		};
		5CC521122789534000BCE7EA /* Models */ = {
			isa = PBXGroup;
			children = (
				5CC52113278953EE00BCE7EA /* Task.swift */,
				5CC521152789560100BCE7EA /* Category.swift */,
			);
			path = Models;
			sourceTree = "<group>";
		};
/* End PBXGroup section */

/* Begin PBXNativeTarget section */
		5CB07F8F2783EEA90004E7CB /* InnovationTasks */ = {
			isa = PBXNativeTarget;
			buildConfigurationList = 5CB07FA72783EEAB0004E7CB /* Build configuration list for PBXNativeTarget "InnovationTasks" */;
			buildPhases = (
				5CB07F8C2783EEA90004E7CB /* Sources */,
				5CB07F8D2783EEA90004E7CB /* Frameworks */,
				5CB07F8E2783EEA90004E7CB /* Resources */,
			);
			buildRules = (
			);
			dependencies = (
			);
			name = InnovationTasks;
			productName = InnovationTasks;
			productReference = 5CB07F902783EEA90004E7CB /* InnovationTasks.app */;
			productType = "com.apple.product-type.application";
		};
/* End PBXNativeTarget section */

/* Begin PBXProject section */
		5CB07F882783EEA90004E7CB /* Project object */ = {
			isa = PBXProject;
			attributes = {
				BuildIndependentTargetsInParallel = 1;
				LastSwiftUpdateCheck = 1320;
				LastUpgradeCheck = 1320;
				TargetAttributes = {
					5CB07F8F2783EEA90004E7CB = {
						CreatedOnToolsVersion = 13.2.1;
					};
				};
			};
			buildConfigurationList = 5CB07F8B2783EEA90004E7CB /* Build configuration list for PBXProject "InnovationTasks" */;
			compatibilityVersion = "Xcode 13.0";
			developmentRegion = en;
			hasScannedForEncodings = 0;
			knownRegions = (
				en,
				Base,
			);
			mainGroup = 5CB07F872783EEA90004E7CB;
			productRefGroup = 5CB07F912783EEA90004E7CB /* Products */;
			projectDirPath = "";
			projectRoot = "";
			targets = (
				5CB07F8F2783EEA90004E7CB /* InnovationTasks */,
			);
		};
/* End PBXProject section */

/* Begin PBXResourcesBuildPhase section */
		5CB07F8E2783EEA90004E7CB /* Resources */ = {
			isa = PBXResourcesBuildPhase;
			buildActionMask = 2147483647;
			files = (
				5CB07FA32783EEAB0004E7CB /* LaunchScreen.storyboard in Resources */,
				5CB07FA02783EEAB0004E7CB /* Assets.xcassets in Resources */,
				5CB07F9B2783EEA90004E7CB /* Main.storyboard in Resources */,
			);
			runOnlyForDeploymentPostprocessing = 0;
		};
/* End PBXResourcesBuildPhase section */

/* Begin PBXSourcesBuildPhase section */
		5CB07F8C2783EEA90004E7CB /* Sources */ = {
			isa = PBXSourcesBuildPhase;
			buildActionMask = 2147483647;
			files = (
				5C9DF18B279A7F31006F214B /* TaskDescriptionTableViewCell.swift in Sources */,
				5C9DF189279A7BAF006F214B /* CreateTaskViewController.swift in Sources */,
				5C97A7F0278BF8AF0004D040 /* TaskTableViewCell.swift in Sources */,
				5CB07F942783EEA90004E7CB /* AppDelegate.swift in Sources */,
				5C9DF18D279A7F67006F214B /* DateTimeTableViewCell.swift in Sources */,
				5CB07F962783EEA90004E7CB /* SceneDelegate.swift in Sources */,
				5CC52114278953EE00BCE7EA /* Task.swift in Sources */,
				5CB07FAC2783FA2C0004E7CB /* TasksTableViewController.swift in Sources */,
				5CB07F9E2783EEA90004E7CB /* InnovationTasks.xcdatamodeld in Sources */,
				5CC521162789560100BCE7EA /* Category.swift in Sources */,
			);
			runOnlyForDeploymentPostprocessing = 0;
		};
/* End PBXSourcesBuildPhase section */

/* Begin PBXVariantGroup section */
		5CB07F992783EEA90004E7CB /* Main.storyboard */ = {
			isa = PBXVariantGroup;
			children = (
				5CB07F9A2783EEA90004E7CB /* Base */,
			);
			name = Main.storyboard;
			sourceTree = "<group>";
		};
		5CB07FA12783EEAB0004E7CB /* LaunchScreen.storyboard */ = {
			isa = PBXVariantGroup;
			children = (
				5CB07FA22783EEAB0004E7CB /* Base */,
			);
			name = LaunchScreen.storyboard;
			sourceTree = "<group>";
		};
/* End PBXVariantGroup section */

/* Begin XCBuildConfiguration section */
		5CB07FA52783EEAB0004E7CB /* Debug */ = {
			isa = XCBuildConfiguration;
			buildSettings = {
				ALWAYS_SEARCH_USER_PATHS = NO;
				CLANG_ANALYZER_NONNULL = YES;
				CLANG_ANALYZER_NUMBER_OBJECT_CONVERSION = YES_AGGRESSIVE;
				CLANG_CXX_LANGUAGE_STANDARD = "gnu++17";
				CLANG_CXX_LIBRARY = "libc++";
				CLANG_ENABLE_MODULES = YES;
				CLANG_ENABLE_OBJC_ARC = YES;
				CLANG_ENABLE_OBJC_WEAK = YES;
				CLANG_WARN_BLOCK_CAPTURE_AUTORELEASING = YES;
				CLANG_WARN_BOOL_CONVERSION = YES;
				CLANG_WARN_COMMA = YES;
				CLANG_WARN_CONSTANT_CONVERSION = YES;
				CLANG_WARN_DEPRECATED_OBJC_IMPLEMENTATIONS = YES;
				CLANG_WARN_DIRECT_OBJC_ISA_USAGE = YES_ERROR;
				CLANG_WARN_DOCUMENTATION_COMMENTS = YES;
				CLANG_WARN_EMPTY_BODY = YES;
				CLANG_WARN_ENUM_CONVERSION = YES;
				CLANG_WARN_INFINITE_RECURSION = YES;
				CLANG_WARN_INT_CONVERSION = YES;
				CLANG_WARN_NON_LITERAL_NULL_CONVERSION = YES;
				CLANG_WARN_OBJC_IMPLICIT_RETAIN_SELF = YES;
				CLANG_WARN_OBJC_LITERAL_CONVERSION = YES;
				CLANG_WARN_OBJC_ROOT_CLASS = YES_ERROR;
				CLANG_WARN_QUOTED_INCLUDE_IN_FRAMEWORK_HEADER = YES;
				CLANG_WARN_RANGE_LOOP_ANALYSIS = YES;
				CLANG_WARN_STRICT_PROTOTYPES = YES;
				CLANG_WARN_SUSPICIOUS_MOVE = YES;
				CLANG_WARN_UNGUARDED_AVAILABILITY = YES_AGGRESSIVE;
				CLANG_WARN_UNREACHABLE_CODE = YES;
				CLANG_WARN__DUPLICATE_METHOD_MATCH = YES;
				COPY_PHASE_STRIP = NO;
				DEBUG_INFORMATION_FORMAT = dwarf;
				ENABLE_STRICT_OBJC_MSGSEND = YES;
				ENABLE_TESTABILITY = YES;
				GCC_C_LANGUAGE_STANDARD = gnu11;
				GCC_DYNAMIC_NO_PIC = NO;
				GCC_NO_COMMON_BLOCKS = YES;
				GCC_OPTIMIZATION_LEVEL = 0;
				GCC_PREPROCESSOR_DEFINITIONS = (
					"DEBUG=1",
					"$(inherited)",
				);
				GCC_WARN_64_TO_32_BIT_CONVERSION = YES;
				GCC_WARN_ABOUT_RETURN_TYPE = YES_ERROR;
				GCC_WARN_UNDECLARED_SELECTOR = YES;
				GCC_WARN_UNINITIALIZED_AUTOS = YES_AGGRESSIVE;
				GCC_WARN_UNUSED_FUNCTION = YES;
				GCC_WARN_UNUSED_VARIABLE = YES;
				IPHONEOS_DEPLOYMENT_TARGET = 15.2;
				MTL_ENABLE_DEBUG_INFO = INCLUDE_SOURCE;
				MTL_FAST_MATH = YES;
				ONLY_ACTIVE_ARCH = YES;
				SDKROOT = iphoneos;
				SWIFT_ACTIVE_COMPILATION_CONDITIONS = DEBUG;
				SWIFT_OPTIMIZATION_LEVEL = "-Onone";
			};
			name = Debug;
		};
		5CB07FA62783EEAB0004E7CB /* Release */ = {
			isa = XCBuildConfiguration;
			buildSettings = {
				ALWAYS_SEARCH_USER_PATHS = NO;
				CLANG_ANALYZER_NONNULL = YES;
				CLANG_ANALYZER_NUMBER_OBJECT_CONVERSION = YES_AGGRESSIVE;
				CLANG_CXX_LANGUAGE_STANDARD = "gnu++17";
				CLANG_CXX_LIBRARY = "libc++";
				CLANG_ENABLE_MODULES = YES;
				CLANG_ENABLE_OBJC_ARC = YES;
				CLANG_ENABLE_OBJC_WEAK = YES;
				CLANG_WARN_BLOCK_CAPTURE_AUTORELEASING = YES;
				CLANG_WARN_BOOL_CONVERSION = YES;
				CLANG_WARN_COMMA = YES;
				CLANG_WARN_CONSTANT_CONVERSION = YES;
				CLANG_WARN_DEPRECATED_OBJC_IMPLEMENTATIONS = YES;
				CLANG_WARN_DIRECT_OBJC_ISA_USAGE = YES_ERROR;
				CLANG_WARN_DOCUMENTATION_COMMENTS = YES;
				CLANG_WARN_EMPTY_BODY = YES;
				CLANG_WARN_ENUM_CONVERSION = YES;
				CLANG_WARN_INFINITE_RECURSION = YES;
				CLANG_WARN_INT_CONVERSION = YES;
				CLANG_WARN_NON_LITERAL_NULL_CONVERSION = YES;
				CLANG_WARN_OBJC_IMPLICIT_RETAIN_SELF = YES;
				CLANG_WARN_OBJC_LITERAL_CONVERSION = YES;
				CLANG_WARN_OBJC_ROOT_CLASS = YES_ERROR;
				CLANG_WARN_QUOTED_INCLUDE_IN_FRAMEWORK_HEADER = YES;
				CLANG_WARN_RANGE_LOOP_ANALYSIS = YES;
				CLANG_WARN_STRICT_PROTOTYPES = YES;
				CLANG_WARN_SUSPICIOUS_MOVE = YES;
				CLANG_WARN_UNGUARDED_AVAILABILITY = YES_AGGRESSIVE;
				CLANG_WARN_UNREACHABLE_CODE = YES;
				CLANG_WARN__DUPLICATE_METHOD_MATCH = YES;
				COPY_PHASE_STRIP = NO;
				DEBUG_INFORMATION_FORMAT = "dwarf-with-dsym";
				ENABLE_NS_ASSERTIONS = NO;
				ENABLE_STRICT_OBJC_MSGSEND = YES;
				GCC_C_LANGUAGE_STANDARD = gnu11;
				GCC_NO_COMMON_BLOCKS = YES;
				GCC_WARN_64_TO_32_BIT_CONVERSION = YES;
				GCC_WARN_ABOUT_RETURN_TYPE = YES_ERROR;
				GCC_WARN_UNDECLARED_SELECTOR = YES;
				GCC_WARN_UNINITIALIZED_AUTOS = YES_AGGRESSIVE;
				GCC_WARN_UNUSED_FUNCTION = YES;
				GCC_WARN_UNUSED_VARIABLE = YES;
				IPHONEOS_DEPLOYMENT_TARGET = 15.2;
				MTL_ENABLE_DEBUG_INFO = NO;
				MTL_FAST_MATH = YES;
				SDKROOT = iphoneos;
				SWIFT_COMPILATION_MODE = wholemodule;
				SWIFT_OPTIMIZATION_LEVEL = "-O";
				VALIDATE_PRODUCT = YES;
			};
			name = Release;
		};
		5CB07FA82783EEAB0004E7CB /* Debug */ = {
			isa = XCBuildConfiguration;
			buildSettings = {
				ASSETCATALOG_COMPILER_APPICON_NAME = AppIcon;
				ASSETCATALOG_COMPILER_GLOBAL_ACCENT_COLOR_NAME = AccentColor;
				CODE_SIGN_STYLE = Automatic;
				CURRENT_PROJECT_VERSION = 1;
				GENERATE_INFOPLIST_FILE = YES;
				INFOPLIST_FILE = InnovationTasks/Info.plist;
				INFOPLIST_KEY_UIApplicationSupportsIndirectInputEvents = YES;
				INFOPLIST_KEY_UILaunchStoryboardName = LaunchScreen;
				INFOPLIST_KEY_UIMainStoryboardFile = Main;
				INFOPLIST_KEY_UISupportedInterfaceOrientations_iPad = "UIInterfaceOrientationPortrait UIInterfaceOrientationPortraitUpsideDown UIInterfaceOrientationLandscapeLeft UIInterfaceOrientationLandscapeRight";
				INFOPLIST_KEY_UISupportedInterfaceOrientations_iPhone = "UIInterfaceOrientationPortrait UIInterfaceOrientationLandscapeLeft UIInterfaceOrientationLandscapeRight";
				IPHONEOS_DEPLOYMENT_TARGET = 15.0;
				LD_RUNPATH_SEARCH_PATHS = (
					"$(inherited)",
					"@executable_path/Frameworks",
				);
				MARKETING_VERSION = 1.0;
				PRODUCT_BUNDLE_IDENTIFIER = "Matheus-H-Santos.InnovationTasks";
				PRODUCT_NAME = "$(TARGET_NAME)";
				SWIFT_EMIT_LOC_STRINGS = YES;
				SWIFT_VERSION = 5.0;
				TARGETED_DEVICE_FAMILY = "1,2";
			};
			name = Debug;
		};
		5CB07FA92783EEAB0004E7CB /* Release */ = {
			isa = XCBuildConfiguration;
			buildSettings = {
				ASSETCATALOG_COMPILER_APPICON_NAME = AppIcon;
				ASSETCATALOG_COMPILER_GLOBAL_ACCENT_COLOR_NAME = AccentColor;
				CODE_SIGN_STYLE = Automatic;
				CURRENT_PROJECT_VERSION = 1;
				GENERATE_INFOPLIST_FILE = YES;
				INFOPLIST_FILE = InnovationTasks/Info.plist;
				INFOPLIST_KEY_UIApplicationSupportsIndirectInputEvents = YES;
				INFOPLIST_KEY_UILaunchStoryboardName = LaunchScreen;
				INFOPLIST_KEY_UIMainStoryboardFile = Main;
				INFOPLIST_KEY_UISupportedInterfaceOrientations_iPad = "UIInterfaceOrientationPortrait UIInterfaceOrientationPortraitUpsideDown UIInterfaceOrientationLandscapeLeft UIInterfaceOrientationLandscapeRight";
				INFOPLIST_KEY_UISupportedInterfaceOrientations_iPhone = "UIInterfaceOrientationPortrait UIInterfaceOrientationLandscapeLeft UIInterfaceOrientationLandscapeRight";
				IPHONEOS_DEPLOYMENT_TARGET = 15.0;
				LD_RUNPATH_SEARCH_PATHS = (
					"$(inherited)",
					"@executable_path/Frameworks",
				);
				MARKETING_VERSION = 1.0;
				PRODUCT_BUNDLE_IDENTIFIER = "Matheus-H-Santos.InnovationTasks";
				PRODUCT_NAME = "$(TARGET_NAME)";
				SWIFT_EMIT_LOC_STRINGS = YES;
				SWIFT_VERSION = 5.0;
				TARGETED_DEVICE_FAMILY = "1,2";
			};
			name = Release;
		};
/* End XCBuildConfiguration section */

/* Begin XCConfigurationList section */
		5CB07F8B2783EEA90004E7CB /* Build configuration list for PBXProject "InnovationTasks" */ = {
			isa = XCConfigurationList;
			buildConfigurations = (
				5CB07FA52783EEAB0004E7CB /* Debug */,
				5CB07FA62783EEAB0004E7CB /* Release */,
			);
			defaultConfigurationIsVisible = 0;
			defaultConfigurationName = Release;
		};
		5CB07FA72783EEAB0004E7CB /* Build configuration list for PBXNativeTarget "InnovationTasks" */ = {
			isa = XCConfigurationList;
			buildConfigurations = (
				5CB07FA82783EEAB0004E7CB /* Debug */,
				5CB07FA92783EEAB0004E7CB /* Release */,
			);
			defaultConfigurationIsVisible = 0;
			defaultConfigurationName = Release;
		};
/* End XCConfigurationList section */

/* Begin XCVersionGroup section */
		5CB07F9C2783EEA90004E7CB /* InnovationTasks.xcdatamodeld */ = {
			isa = XCVersionGroup;
			children = (
				5CB07F9D2783EEA90004E7CB /* InnovationTasks.xcdatamodel */,
			);
			currentVersion = 5CB07F9D2783EEA90004E7CB /* InnovationTasks.xcdatamodel */;
			path = InnovationTasks.xcdatamodeld;
			sourceTree = "<group>";
			versionGroupType = wrapper.xcdatamodel;
		};
/* End XCVersionGroup section */
	};
	rootObject = 5CB07F882783EEA90004E7CB /* Project object */;
}
